
Microsoft Visual Studio Solution File, Format Version 12.00
# Visual Studio Version 17
VisualStudioVersion = 17.4.33103.184
MinimumVisualStudioVersion = 10.0.40219.1
Project("{FAE04EC0-301F-11D3-BF4B-00C04F79EFBC}") = "Raketa", "Raketa.csproj", "{87D86E19-98C0-4F46-A751-3D4D97FF350F}"
EndProject
Global
	GlobalSection(SolutionConfigurationPlatforms) = preSolution
		Debug|Any CPU = Debug|Any CPU
		Release|Any CPU = Release|Any CPU
	EndGlobalSection
	GlobalSection(ProjectConfigurationPlatforms) = postSolution
		{87D86E19-98C0-4F46-A751-3D4D97FF350F}.Debug|Any CPU.ActiveCfg = Debug|Any CPU
		{87D86E19-98C0-4F46-A751-3D4D97FF350F}.Debug|Any CPU.Build.0 = Debug|Any CPU
		{87D86E19-98C0-4F46-A751-3D4D97FF350F}.Release|Any CPU.ActiveCfg = Release|Any CPU
		{87D86E19-98C0-4F46-A751-3D4D97FF350F}.Release|Any CPU.Build.0 = Release|Any CPU
	EndGlobalSection
	GlobalSection(SolutionProperties) = preSolution
		HideSolutionNode = FALSE
	EndGlobalSection
	GlobalSection(ExtensibilityGlobals) = postSolution
		SolutionGuid = {F1316B13-EF3B-4B6D-B719-029E311DAB59}
	EndGlobalSection
EndGlobal
